
Microsoft Visual Studio Solution File, Format Version 12.00
# Visual Studio 15
VisualStudioVersion = 15.0.26124.0
MinimumVisualStudioVersion = 15.0.26124.0
Project("{2150E333-8FDC-42A3-9474-1A3956D46DE8}") = "src", "src", "{0D94737B-4CB1-4FC0-AD01-C848BD1FC653}"
EndProject
Project("{FAE04EC0-301F-11D3-BF4B-00C04F79EFBC}") = "Angular9CliTemplateBug", "src\Angular9CliTemplateBug\Angular9CliTemplateBug.csproj", "{BB5EEF70-3912-45D4-A9F9-51B0B20CF387}"
EndProject
Global
	GlobalSection(SolutionConfigurationPlatforms) = preSolution
		Debug|Any CPU = Debug|Any CPU
		Debug|x64 = Debug|x64
		Debug|x86 = Debug|x86
		Release|Any CPU = Release|Any CPU
		Release|x64 = Release|x64
		Release|x86 = Release|x86
	EndGlobalSection
	GlobalSection(SolutionProperties) = preSolution
		HideSolutionNode = FALSE
	EndGlobalSection
	GlobalSection(ProjectConfigurationPlatforms) = postSolution
		{BB5EEF70-3912-45D4-A9F9-51B0B20CF387}.Debug|Any CPU.ActiveCfg = Debug|Any CPU
		{BB5EEF70-3912-45D4-A9F9-51B0B20CF387}.Debug|Any CPU.Build.0 = Debug|Any CPU
		{BB5EEF70-3912-45D4-A9F9-51B0B20CF387}.Debug|x64.ActiveCfg = Debug|Any CPU
		{BB5EEF70-3912-45D4-A9F9-51B0B20CF387}.Debug|x64.Build.0 = Debug|Any CPU
		{BB5EEF70-3912-45D4-A9F9-51B0B20CF387}.Debug|x86.ActiveCfg = Debug|Any CPU
		{BB5EEF70-3912-45D4-A9F9-51B0B20CF387}.Debug|x86.Build.0 = Debug|Any CPU
		{BB5EEF70-3912-45D4-A9F9-51B0B20CF387}.Release|Any CPU.ActiveCfg = Release|Any CPU
		{BB5EEF70-3912-45D4-A9F9-51B0B20CF387}.Release|Any CPU.Build.0 = Release|Any CPU
		{BB5EEF70-3912-45D4-A9F9-51B0B20CF387}.Release|x64.ActiveCfg = Release|Any CPU
		{BB5EEF70-3912-45D4-A9F9-51B0B20CF387}.Release|x64.Build.0 = Release|Any CPU
		{BB5EEF70-3912-45D4-A9F9-51B0B20CF387}.Release|x86.ActiveCfg = Release|Any CPU
		{BB5EEF70-3912-45D4-A9F9-51B0B20CF387}.Release|x86.Build.0 = Release|Any CPU
	EndGlobalSection
	GlobalSection(NestedProjects) = preSolution
		{BB5EEF70-3912-45D4-A9F9-51B0B20CF387} = {0D94737B-4CB1-4FC0-AD01-C848BD1FC653}
	EndGlobalSection
EndGlobal
